
Microsoft Visual Studio Solution File, Format Version 12.00
# Visual Studio 2012
Project("{f2a71f9b-5d33-465a-a702-920d77279786}") = "lfp_parsers", "lfp_parsers\lfp_parsers.fsproj", "{67418E07-F602-47F1-A971-6E1C64745FDD}"
EndProject
Global
	GlobalSection(SolutionConfigurationPlatforms) = preSolution
		Debug|x86 = Debug|x86
		Release|x86 = Release|x86
	EndGlobalSection
	GlobalSection(ProjectConfigurationPlatforms) = postSolution
		{67418E07-F602-47F1-A971-6E1C64745FDD}.Debug|x86.ActiveCfg = Debug|x86
		{67418E07-F602-47F1-A971-6E1C64745FDD}.Debug|x86.Build.0 = Debug|x86
		{67418E07-F602-47F1-A971-6E1C64745FDD}.Release|x86.ActiveCfg = Release|x86
		{67418E07-F602-47F1-A971-6E1C64745FDD}.Release|x86.Build.0 = Release|x86
	EndGlobalSection
	GlobalSection(MonoDevelopProperties) = preSolution
		Policies = $0
		$0.StandardHeader = $1
		$1.Text = 
		$1.IncludeInNewFiles = True
	EndGlobalSection
EndGlobal
